Microsoft Visual Studio Solution File, Format Version 12.00
# Visual Studio Version 17
VisualStudioVersion = 17.5.2.0
MinimumVisualStudioVersion = 10.0.40219.1
Project("{FAE04EC0-301F-11D3-BF4B-00C04F79EFBC}") = "Onlydigital_tests", "Onlydigital_tests.csproj", "{863812C2-7996-0BC8-9962-4A810488786C}"
EndProject
Global
	GlobalSection(SolutionConfigurationPlatforms) = preSolution
		Debug|Any CPU = Debug|Any CPU
		Release|Any CPU = Release|Any CPU
	EndGlobalSection
	GlobalSection(ProjectConfigurationPlatforms) = postSolution
		{863812C2-7996-0BC8-9962-4A810488786C}.Debug|Any CPU.ActiveCfg = Debug|Any CPU
		{863812C2-7996-0BC8-9962-4A810488786C}.Debug|Any CPU.Build.0 = Debug|Any CPU
		{863812C2-7996-0BC8-9962-4A810488786C}.Release|Any CPU.ActiveCfg = Release|Any CPU
		{863812C2-7996-0BC8-9962-4A810488786C}.Release|Any CPU.Build.0 = Release|Any CPU
	EndGlobalSection
	GlobalSection(SolutionProperties) = preSolution
		HideSolutionNode = FALSE
	EndGlobalSection
	GlobalSection(ExtensibilityGlobals) = postSolution
		SolutionGuid = {921E0278-FC4F-428A-A8D2-429B73B4D879}
	EndGlobalSection
EndGlobal
